// !$*UTF8*$!
{
	archiveVersion = 1;
	classes = {
	};
	objectVersion = 55;
	objects = {

/* Begin PBXBuildFile section */
		8722E6B6280846C3009CE3D1 /* AppDelegate.swift in Sources */ = {isa = PBXBuildFile; fileRef = 8722E6B5280846C3009CE3D1 /* AppDelegate.swift */; };
		8722E6B8280846C3009CE3D1 /* SceneDelegate.swift in Sources */ = {isa = PBXBuildFile; fileRef = 8722E6B7280846C3009CE3D1 /* SceneDelegate.swift */; };
		8722E6BA280846C3009CE3D1 /* MainViewController.swift in Sources */ = {isa = PBXBuildFile; fileRef = 8722E6B9280846C3009CE3D1 /* MainViewController.swift */; };
		8722E6BD280846C3009CE3D1 /* Main.storyboard in Resources */ = {isa = PBXBuildFile; fileRef = 8722E6BB280846C3009CE3D1 /* Main.storyboard */; };
		8722E6BF280846C6009CE3D1 /* Assets.xcassets in Resources */ = {isa = PBXBuildFile; fileRef = 8722E6BE280846C6009CE3D1 /* Assets.xcassets */; };
		8722E6C2280846C6009CE3D1 /* LaunchScreen.storyboard in Resources */ = {isa = PBXBuildFile; fileRef = 8722E6C0280846C6009CE3D1 /* LaunchScreen.storyboard */; };
		8722E6CA28084E2E009CE3D1 /* TableViewCell.swift in Sources */ = {isa = PBXBuildFile; fileRef = 8722E6C928084E2E009CE3D1 /* TableViewCell.swift */; };
		87AB1D7C2809B08100507A86 /* API.swift in Sources */ = {isa = PBXBuildFile; fileRef = 87AB1D7B2809B08100507A86 /* API.swift */; };
		87AB1D7E2809B5C900507A86 /* Model.swift in Sources */ = {isa = PBXBuildFile; fileRef = 87AB1D7D2809B5C900507A86 /* Model.swift */; };
		87AB1D80280AC95500507A86 /* CustomImageView.swift in Sources */ = {isa = PBXBuildFile; fileRef = 87AB1D7F280AC95500507A86 /* CustomImageView.swift */; };
		87AB1D82280CCAF200507A86 /* PopupView.swift in Sources */ = {isa = PBXBuildFile; fileRef = 87AB1D81280CCAF200507A86 /* PopupView.swift */; };
/* End PBXBuildFile section */

/* Begin PBXFileReference section */
		8722E6B2280846C3009CE3D1 /* RickAndMorty.app */ = {isa = PBXFileReference; explicitFileType = wrapper.application; includeInIndex = 0; path = RickAndMorty.app; sourceTree = BUILT_PRODUCTS_DIR; };
		8722E6B5280846C3009CE3D1 /* AppDelegate.swift */ = {isa = PBXFileReference; lastKnownFileType = sourcecode.swift; path = AppDelegate.swift; sourceTree = "<group>"; };
		8722E6B7280846C3009CE3D1 /* SceneDelegate.swift */ = {isa = PBXFileReference; lastKnownFileType = sourcecode.swift; path = SceneDelegate.swift; sourceTree = "<group>"; };
		8722E6B9280846C3009CE3D1 /* MainViewController.swift */ = {isa = PBXFileReference; lastKnownFileType = sourcecode.swift; path = MainViewController.swift; sourceTree = "<group>"; };
		8722E6BC280846C3009CE3D1 /* Base */ = {isa = PBXFileReference; lastKnownFileType = file.storyboard; name = Base; path = Base.lproj/Main.storyboard; sourceTree = "<group>"; };
		8722E6BE280846C6009CE3D1 /* Assets.xcassets */ = {isa = PBXFileReference; lastKnownFileType = folder.assetcatalog; path = Assets.xcassets; sourceTree = "<group>"; };
		8722E6C1280846C6009CE3D1 /* Base */ = {isa = PBXFileReference; lastKnownFileType = file.storyboard; name = Base; path = Base.lproj/LaunchScreen.storyboard; sourceTree = "<group>"; };
		8722E6C3280846C6009CE3D1 /* Info.plist */ = {isa = PBXFileReference; lastKnownFileType = text.plist.xml; path = Info.plist; sourceTree = "<group>"; };
		8722E6C928084E2E009CE3D1 /* TableViewCell.swift */ = {isa = PBXFileReference; lastKnownFileType = sourcecode.swift; path = TableViewCell.swift; sourceTree = "<group>"; };
		87AB1D7B2809B08100507A86 /* API.swift */ = {isa = PBXFileReference; lastKnownFileType = sourcecode.swift; path = API.swift; sourceTree = "<group>"; };
		87AB1D7D2809B5C900507A86 /* Model.swift */ = {isa = PBXFileReference; lastKnownFileType = sourcecode.swift; path = Model.swift; sourceTree = "<group>"; };
		87AB1D7F280AC95500507A86 /* CustomImageView.swift */ = {isa = PBXFileReference; lastKnownFileType = sourcecode.swift; path = CustomImageView.swift; sourceTree = "<group>"; };
		87AB1D81280CCAF200507A86 /* PopupView.swift */ = {isa = PBXFileReference; lastKnownFileType = sourcecode.swift; path = PopupView.swift; sourceTree = "<group>"; };
/* End PBXFileReference section */

/* Begin PBXFrameworksBuildPhase section */
		8722E6AF280846C3009CE3D1 /* Frameworks */ = {
			isa = PBXFrameworksBuildPhase;
			buildActionMask = 2147483647;
			files = (
			);
			runOnlyForDeploymentPostprocessing = 0;
		};
/* End PBXFrameworksBuildPhase section */

/* Begin PBXGroup section */
		8722E6A9280846C3009CE3D1 = {
			isa = PBXGroup;
			children = (
				8722E6B4280846C3009CE3D1 /* RickAndMorty */,
				8722E6B3280846C3009CE3D1 /* Products */,
			);
			sourceTree = "<group>";
		};
		8722E6B3280846C3009CE3D1 /* Products */ = {
			isa = PBXGroup;
			children = (
				8722E6B2280846C3009CE3D1 /* RickAndMorty.app */,
			);
			name = Products;
			sourceTree = "<group>";
		};
		8722E6B4280846C3009CE3D1 /* RickAndMorty */ = {
			isa = PBXGroup;
			children = (
				8722E6B5280846C3009CE3D1 /* AppDelegate.swift */,
				8722E6B7280846C3009CE3D1 /* SceneDelegate.swift */,
				87AB1D7A2809AF3C00507A86 /* Service */,
				87AB1D7728099E7F00507A86 /* Info */,
				87AB1D7628099D4900507A86 /* Main */,
				8722E6BB280846C3009CE3D1 /* Main.storyboard */,
				8722E6BE280846C6009CE3D1 /* Assets.xcassets */,
				8722E6C0280846C6009CE3D1 /* LaunchScreen.storyboard */,
				8722E6C3280846C6009CE3D1 /* Info.plist */,
			);
			path = RickAndMorty;
			sourceTree = "<group>";
		};
		87AB1D7628099D4900507A86 /* Main */ = {
			isa = PBXGroup;
			children = (
				8722E6B9280846C3009CE3D1 /* MainViewController.swift */,
				8722E6C928084E2E009CE3D1 /* TableViewCell.swift */,
			);
			path = Main;
			sourceTree = "<group>";
		};
		87AB1D7728099E7F00507A86 /* Info */ = {
			isa = PBXGroup;
			children = (
				87AB1D81280CCAF200507A86 /* PopupView.swift */,
			);
			path = Info;
			sourceTree = "<group>";
		};
		87AB1D7A2809AF3C00507A86 /* Service */ = {
			isa = PBXGroup;
			children = (
				87AB1D7B2809B08100507A86 /* API.swift */,
				87AB1D7D2809B5C900507A86 /* Model.swift */,
				87AB1D7F280AC95500507A86 /* CustomImageView.swift */,
			);
			path = Service;
			sourceTree = "<group>";
		};
/* End PBXGroup section */

/* Begin PBXNativeTarget section */
		8722E6B1280846C3009CE3D1 /* RickAndMorty */ = {
			isa = PBXNativeTarget;
			buildConfigurationList = 8722E6C6280846C6009CE3D1 /* Build configuration list for PBXNativeTarget "RickAndMorty" */;
			buildPhases = (
				8722E6AE280846C3009CE3D1 /* Sources */,
				8722E6AF280846C3009CE3D1 /* Frameworks */,
				8722E6B0280846C3009CE3D1 /* Resources */,
			);
			buildRules = (
			);
			dependencies = (
			);
			name = RickAndMorty;
			productName = RickAndMorty;
			productReference = 8722E6B2280846C3009CE3D1 /* RickAndMorty.app */;
			productType = "com.apple.product-type.application";
		};
/* End PBXNativeTarget section */

/* Begin PBXProject section */
		8722E6AA280846C3009CE3D1 /* Project object */ = {
			isa = PBXProject;
			attributes = {
				BuildIndependentTargetsInParallel = 1;
				LastSwiftUpdateCheck = 1330;
				LastUpgradeCheck = 1330;
				TargetAttributes = {
					8722E6B1280846C3009CE3D1 = {
						CreatedOnToolsVersion = 13.3.1;
					};
				};
			};
			buildConfigurationList = 8722E6AD280846C3009CE3D1 /* Build configuration list for PBXProject "RickAndMorty" */;
			compatibilityVersion = "Xcode 13.0";
			developmentRegion = en;
			hasScannedForEncodings = 0;
			knownRegions = (
				en,
				Base,
			);
			mainGroup = 8722E6A9280846C3009CE3D1;
			productRefGroup = 8722E6B3280846C3009CE3D1 /* Products */;
			projectDirPath = "";
			projectRoot = "";
			targets = (
				8722E6B1280846C3009CE3D1 /* RickAndMorty */,
			);
		};
/* End PBXProject section */

/* Begin PBXResourcesBuildPhase section */
		8722E6B0280846C3009CE3D1 /* Resources */ = {
			isa = PBXResourcesBuildPhase;
			buildActionMask = 2147483647;
			files = (
				8722E6C2280846C6009CE3D1 /* LaunchScreen.storyboard in Resources */,
				8722E6BF280846C6009CE3D1 /* Assets.xcassets in Resources */,
				8722E6BD280846C3009CE3D1 /* Main.storyboard in Resources */,
			);
			runOnlyForDeploymentPostprocessing = 0;
		};
/* End PBXResourcesBuildPhase section */

/* Begin PBXSourcesBuildPhase section */
		8722E6AE280846C3009CE3D1 /* Sources */ = {
			isa = PBXSourcesBuildPhase;
			buildActionMask = 2147483647;
			files = (
				87AB1D82280CCAF200507A86 /* PopupView.swift in Sources */,
				87AB1D7E2809B5C900507A86 /* Model.swift in Sources */,
				87AB1D80280AC95500507A86 /* CustomImageView.swift in Sources */,
				8722E6BA280846C3009CE3D1 /* MainViewController.swift in Sources */,
				87AB1D7C2809B08100507A86 /* API.swift in Sources */,
				8722E6CA28084E2E009CE3D1 /* TableViewCell.swift in Sources */,
				8722E6B6280846C3009CE3D1 /* AppDelegate.swift in Sources */,
				8722E6B8280846C3009CE3D1 /* SceneDelegate.swift in Sources */,
			);
			runOnlyForDeploymentPostprocessing = 0;
		};
/* End PBXSourcesBuildPhase section */

/* Begin PBXVariantGroup section */
		8722E6BB280846C3009CE3D1 /* Main.storyboard */ = {
			isa = PBXVariantGroup;
			children = (
				8722E6BC280846C3009CE3D1 /* Base */,
			);
			name = Main.storyboard;
			sourceTree = "<group>";
		};
		8722E6C0280846C6009CE3D1 /* LaunchScreen.storyboard */ = {
			isa = PBXVariantGroup;
			children = (
				8722E6C1280846C6009CE3D1 /* Base */,
			);
			name = LaunchScreen.storyboard;
			sourceTree = "<group>";
		};
/* End PBXVariantGroup section */

/* Begin XCBuildConfiguration section */
		8722E6C4280846C6009CE3D1 /* Debug */ = {
			isa = XCBuildConfiguration;
			buildSettings = {
				ALWAYS_SEARCH_USER_PATHS = NO;
				CLANG_ANALYZER_NONNULL = YES;
				CLANG_ANALYZER_NUMBER_OBJECT_CONVERSION = YES_AGGRESSIVE;
				CLANG_CXX_LANGUAGE_STANDARD = "gnu++17";
				CLANG_ENABLE_MODULES = YES;
				CLANG_ENABLE_OBJC_ARC = YES;
				CLANG_ENABLE_OBJC_WEAK = YES;
				CLANG_WARN_BLOCK_CAPTURE_AUTORELEASING = YES;
				CLANG_WARN_BOOL_CONVERSION = YES;
				CLANG_WARN_COMMA = YES;
				CLANG_WARN_CONSTANT_CONVERSION = YES;
				CLANG_WARN_DEPRECATED_OBJC_IMPLEMENTATIONS = YES;
				CLANG_WARN_DIRECT_OBJC_ISA_USAGE = YES_ERROR;
				CLANG_WARN_DOCUMENTATION_COMMENTS = YES;
				CLANG_WARN_EMPTY_BODY = YES;
				CLANG_WARN_ENUM_CONVERSION = YES;
				CLANG_WARN_INFINITE_RECURSION = YES;
				CLANG_WARN_INT_CONVERSION = YES;
				CLANG_WARN_NON_LITERAL_NULL_CONVERSION = YES;
				CLANG_WARN_OBJC_IMPLICIT_RETAIN_SELF = YES;
				CLANG_WARN_OBJC_LITERAL_CONVERSION = YES;
				CLANG_WARN_OBJC_ROOT_CLASS = YES_ERROR;
				CLANG_WARN_QUOTED_INCLUDE_IN_FRAMEWORK_HEADER = YES;
				CLANG_WARN_RANGE_LOOP_ANALYSIS = YES;
				CLANG_WARN_STRICT_PROTOTYPES = YES;
				CLANG_WARN_SUSPICIOUS_MOVE = YES;
				CLANG_WARN_UNGUARDED_AVAILABILITY = YES_AGGRESSIVE;
				CLANG_WARN_UNREACHABLE_CODE = YES;
				CLANG_WARN__DUPLICATE_METHOD_MATCH = YES;
				COPY_PHASE_STRIP = NO;
				DEBUG_INFORMATION_FORMAT = dwarf;
				ENABLE_STRICT_OBJC_MSGSEND = YES;
				ENABLE_TESTABILITY = YES;
				GCC_C_LANGUAGE_STANDARD = gnu11;
				GCC_DYNAMIC_NO_PIC = NO;
				GCC_NO_COMMON_BLOCKS = YES;
				GCC_OPTIMIZATION_LEVEL = 0;
				GCC_PREPROCESSOR_DEFINITIONS = (
					"DEBUG=1",
					"$(inherited)",
				);
				GCC_WARN_64_TO_32_BIT_CONVERSION = YES;
				GCC_WARN_ABOUT_RETURN_TYPE = YES_ERROR;
				GCC_WARN_UNDECLARED_SELECTOR = YES;
				GCC_WARN_UNINITIALIZED_AUTOS = YES_AGGRESSIVE;
				GCC_WARN_UNUSED_FUNCTION = YES;
				GCC_WARN_UNUSED_VARIABLE = YES;
				IPHONEOS_DEPLOYMENT_TARGET = 15.4;
				MTL_ENABLE_DEBUG_INFO = INCLUDE_SOURCE;
				MTL_FAST_MATH = YES;
				ONLY_ACTIVE_ARCH = YES;
				SDKROOT = iphoneos;
				SWIFT_ACTIVE_COMPILATION_CONDITIONS = DEBUG;
				SWIFT_OPTIMIZATION_LEVEL = "-Onone";
			};
			name = Debug;
		};
		8722E6C5280846C6009CE3D1 /* Release */ = {
			isa = XCBuildConfiguration;
			buildSettings = {
				ALWAYS_SEARCH_USER_PATHS = NO;
				CLANG_ANALYZER_NONNULL = YES;
				CLANG_ANALYZER_NUMBER_OBJECT_CONVERSION = YES_AGGRESSIVE;
				CLANG_CXX_LANGUAGE_STANDARD = "gnu++17";
				CLANG_ENABLE_MODULES = YES;
				CLANG_ENABLE_OBJC_ARC = YES;
				CLANG_ENABLE_OBJC_WEAK = YES;
				CLANG_WARN_BLOCK_CAPTURE_AUTORELEASING = YES;
				CLANG_WARN_BOOL_CONVERSION = YES;
				CLANG_WARN_COMMA = YES;
				CLANG_WARN_CONSTANT_CONVERSION = YES;
				CLANG_WARN_DEPRECATED_OBJC_IMPLEMENTATIONS = YES;
				CLANG_WARN_DIRECT_OBJC_ISA_USAGE = YES_ERROR;
				CLANG_WARN_DOCUMENTATION_COMMENTS = YES;
				CLANG_WARN_EMPTY_BODY = YES;
				CLANG_WARN_ENUM_CONVERSION = YES;
				CLANG_WARN_INFINITE_RECURSION = YES;
				CLANG_WARN_INT_CONVERSION = YES;
				CLANG_WARN_NON_LITERAL_NULL_CONVERSION = YES;
				CLANG_WARN_OBJC_IMPLICIT_RETAIN_SELF = YES;
				CLANG_WARN_OBJC_LITERAL_CONVERSION = YES;
				CLANG_WARN_OBJC_ROOT_CLASS = YES_ERROR;
				CLANG_WARN_QUOTED_INCLUDE_IN_FRAMEWORK_HEADER = YES;
				CLANG_WARN_RANGE_LOOP_ANALYSIS = YES;
				CLANG_WARN_STRICT_PROTOTYPES = YES;
				CLANG_WARN_SUSPICIOUS_MOVE = YES;
				CLANG_WARN_UNGUARDED_AVAILABILITY = YES_AGGRESSIVE;
				CLANG_WARN_UNREACHABLE_CODE = YES;
				CLANG_WARN__DUPLICATE_METHOD_MATCH = YES;
				COPY_PHASE_STRIP = NO;
				DEBUG_INFORMATION_FORMAT = "dwarf-with-dsym";
				ENABLE_NS_ASSERTIONS = NO;
				ENABLE_STRICT_OBJC_MSGSEND = YES;
				GCC_C_LANGUAGE_STANDARD = gnu11;
				GCC_NO_COMMON_BLOCKS = YES;
				GCC_WARN_64_TO_32_BIT_CONVERSION = YES;
				GCC_WARN_ABOUT_RETURN_TYPE = YES_ERROR;
				GCC_WARN_UNDECLARED_SELECTOR = YES;
				GCC_WARN_UNINITIALIZED_AUTOS = YES_AGGRESSIVE;
				GCC_WARN_UNUSED_FUNCTION = YES;
				GCC_WARN_UNUSED_VARIABLE = YES;
				IPHONEOS_DEPLOYMENT_TARGET = 15.4;
				MTL_ENABLE_DEBUG_INFO = NO;
				MTL_FAST_MATH = YES;
				SDKROOT = iphoneos;
				SWIFT_COMPILATION_MODE = wholemodule;
				SWIFT_OPTIMIZATION_LEVEL = "-O";
				VALIDATE_PRODUCT = YES;
			};
			name = Release;
		};
		8722E6C7280846C6009CE3D1 /* Debug */ = {
			isa = XCBuildConfiguration;
			buildSettings = {
				ASSETCATALOG_COMPILER_APPICON_NAME = AppIcon;
				ASSETCATALOG_COMPILER_GLOBAL_ACCENT_COLOR_NAME = AccentColor;
				CODE_SIGN_STYLE = Automatic;
				CURRENT_PROJECT_VERSION = 1;
				GENERATE_INFOPLIST_FILE = YES;
				INFOPLIST_FILE = RickAndMorty/Info.plist;
				INFOPLIST_KEY_UIApplicationSupportsIndirectInputEvents = YES;
				INFOPLIST_KEY_UILaunchStoryboardName = LaunchScreen;
				INFOPLIST_KEY_UIMainStoryboardFile = Main;
				INFOPLIST_KEY_UISupportedInterfaceOrientations_iPad = "UIInterfaceOrientationPortrait UIInterfaceOrientationPortraitUpsideDown UIInterfaceOrientationLandscapeLeft UIInterfaceOrientationLandscapeRight";
				INFOPLIST_KEY_UISupportedInterfaceOrientations_iPhone = "UIInterfaceOrientationPortrait UIInterfaceOrientationLandscapeLeft UIInterfaceOrientationLandscapeRight";
				LD_RUNPATH_SEARCH_PATHS = (
					"$(inherited)",
					"@executable_path/Frameworks",
				);
				MARKETING_VERSION = 1.0;
				PRODUCT_BUNDLE_IDENTIFIER = ViktoriaShekhovtsova.RickAndMorty;
				PRODUCT_NAME = "$(TARGET_NAME)";
				SWIFT_EMIT_LOC_STRINGS = YES;
				SWIFT_VERSION = 5.0;
				TARGETED_DEVICE_FAMILY = "1,2";
			};
			name = Debug;
		};
		8722E6C8280846C6009CE3D1 /* Release */ = {
			isa = XCBuildConfiguration;
			buildSettings = {
				ASSETCATALOG_COMPILER_APPICON_NAME = AppIcon;
				ASSETCATALOG_COMPILER_GLOBAL_ACCENT_COLOR_NAME = AccentColor;
				CODE_SIGN_STYLE = Automatic;
				CURRENT_PROJECT_VERSION = 1;
				GENERATE_INFOPLIST_FILE = YES;
				INFOPLIST_FILE = RickAndMorty/Info.plist;
				INFOPLIST_KEY_UIApplicationSupportsIndirectInputEvents = YES;
				INFOPLIST_KEY_UILaunchStoryboardName = LaunchScreen;
				INFOPLIST_KEY_UIMainStoryboardFile = Main;
				INFOPLIST_KEY_UISupportedInterfaceOrientations_iPad = "UIInterfaceOrientationPortrait UIInterfaceOrientationPortraitUpsideDown UIInterfaceOrientationLandscapeLeft UIInterfaceOrientationLandscapeRight";
				INFOPLIST_KEY_UISupportedInterfaceOrientations_iPhone = "UIInterfaceOrientationPortrait UIInterfaceOrientationLandscapeLeft UIInterfaceOrientationLandscapeRight";
				LD_RUNPATH_SEARCH_PATHS = (
					"$(inherited)",
					"@executable_path/Frameworks",
				);
				MARKETING_VERSION = 1.0;
				PRODUCT_BUNDLE_IDENTIFIER = ViktoriaShekhovtsova.RickAndMorty;
				PRODUCT_NAME = "$(TARGET_NAME)";
				SWIFT_EMIT_LOC_STRINGS = YES;
				SWIFT_VERSION = 5.0;
				TARGETED_DEVICE_FAMILY = "1,2";
			};
			name = Release;
		};
/* End XCBuildConfiguration section */

/* Begin XCConfigurationList section */
		8722E6AD280846C3009CE3D1 /* Build configuration list for PBXProject "RickAndMorty" */ = {
			isa = XCConfigurationList;
			buildConfigurations = (
				8722E6C4280846C6009CE3D1 /* Debug */,
				8722E6C5280846C6009CE3D1 /* Release */,
			);
			defaultConfigurationIsVisible = 0;
			defaultConfigurationName = Release;
		};
		8722E6C6280846C6009CE3D1 /* Build configuration list for PBXNativeTarget "RickAndMorty" */ = {
			isa = XCConfigurationList;
			buildConfigurations = (
				8722E6C7280846C6009CE3D1 /* Debug */,
				8722E6C8280846C6009CE3D1 /* Release */,
			);
			defaultConfigurationIsVisible = 0;
			defaultConfigurationName = Release;
		};
/* End XCConfigurationList section */
	};
	rootObject = 8722E6AA280846C3009CE3D1 /* Project object */;
}
